
Microsoft Visual Studio Solution File, Format Version 12.00
# Visual Studio Version 17
VisualStudioVersion = 17.2.32516.85
MinimumVisualStudioVersion = 10.0.40219.1
Project("{FAE04EC0-301F-11D3-BF4B-00C04F79EFBC}") = "AppCenter", "AppCenter\AppCenter.csproj", "{AAAA2577-FA2B-42A5-849E-06BA284F0F95}"
EndProject
Global
	GlobalSection(SolutionConfigurationPlatforms) = preSolution
		Debug|Any CPU = Debug|Any CPU
		Release|Any CPU = Release|Any CPU
	EndGlobalSection
	GlobalSection(ProjectConfigurationPlatforms) = postSolution
		{AAAA2577-FA2B-42A5-849E-06BA284F0F95}.Debug|Any CPU.ActiveCfg = Debug|Any CPU
		{AAAA2577-FA2B-42A5-849E-06BA284F0F95}.Debug|Any CPU.Build.0 = Debug|Any CPU
		{AAAA2577-FA2B-42A5-849E-06BA284F0F95}.Release|Any CPU.ActiveCfg = Release|Any CPU
		{AAAA2577-FA2B-42A5-849E-06BA284F0F95}.Release|Any CPU.Build.0 = Release|Any CPU
	EndGlobalSection
	GlobalSection(SolutionProperties) = preSolution
		HideSolutionNode = FALSE
	EndGlobalSection
	GlobalSection(ExtensibilityGlobals) = postSolution
		SolutionGuid = {E603E640-17AF-46B6-AEBC-D1E235D1A107}
	EndGlobalSection
EndGlobal
